{
    "_meta": {
        "hash": {
            "sha256": "557ef11f5cc2eabc3738f68a2928ca300fdaf7cdc8385d267af960458b3cf1bf"
        },
        "pipfile-spec": 6,
        "requires": {
            "python_version": "3.8"
        },
        "sources": [
            {
                "name": "pypi",
                "url": "https://pypi.org/simple",
                "verify_ssl": true
            }
        ]
    },
    "default": {
        "altgraph": {
            "hashes": [
                "sha256:1f05a47122542f97028caf78775a095fbe6a2699b5089de8477eb583167d69aa",
                "sha256:c623e5f3408ca61d4016f23a681b9adb100802ca3e3da5e718915a9e4052cebe"
            ],
            "version": "==0.17"
        },
        "macholib": {
            "hashes": [
                "sha256:0c436bc847e7b1d9bda0560351bf76d7caf930fb585a828d13608839ef42c432",
                "sha256:c500f02867515e6c60a27875b408920d18332ddf96b4035ef03beddd782d4281"
            ],
            "version": "==1.14"
        },
        "modulegraph": {
            "hashes": [
                "sha256:11c03dac1368bb9e7f780b58d251a0880c30b5a14816b6f88ec5a6fe1e3e5611",
                "sha256:60e58a96728fa741aac2800bf89cf89a59311c5bec336bd7a146a476446eb740"
            ],
            "version": "==0.18"
        },
        "py2app": {
            "hashes": [
                "sha256:1ce4ffeaa6d34d6a47276b95329fd7469f92b6363213af44a064867c3f0a264e",
                "sha256:4516dfb01a0bf560ca4918e1e0e38eb4fcc76c9c2f527456e022310a80d52dc8"
            ],
            "index": "pypi",
            "version": "==0.21"
        },
        "pyobjc-core": {
            "hashes": [
                "sha256:6af32dc491c575346400c29649fffe6e0a1911553b9218529deafc56fa357bdd",
                "sha256:843b175e6bd6309c4457090ca52ca8e20cb1e6be19df1bc74d1ed1889f52149c",
                "sha256:8dd816c03fcbcbd8da8beb30dffe3aaaf8077d852cca4d636e3d7dd0ab48d39d",
                "sha256:cb130c953c79cb2df4eb3976b7fe28c336b0de0dc550b0574eca8856c76cd147",
                "sha256:ccfad6cba29652b005bc41e819ad70d203cc3e57a16e75e27bc4e6979034c7c0"
            ],
            "markers": "python_version >= '3.6'",
            "version": "==6.2"
        },
        "pyobjc-framework-cocoa": {
            "hashes": [
                "sha256:04b994a26bc30c912f2f5165d57a987f35889a36dd9c104674bc449c53649629",
                "sha256:09612dd81fafb6e1a8eb597b5e523c9de103a50af79e95afbf13b8a5937e3cfa",
                "sha256:cbe4f1917aa5def4a77fd4199a9697f3b4224acf59acf4e01fe9a7c73d49b08c",
                "sha256:e15bbf82bfe3a14dfd29c7465cc5d8edab16d546410239b7e1a4db62ded4a5b2",
                "sha256:ef3c21a8b37519e3a3880fc0c5539fe27afd3e0235c8ebc9c87b3d0354cbb4ea"
            ],
            "markers": "python_version >= '3.6'",
            "version": "==6.2"
        },
        "rumps": {
            "hashes": [
                "sha256:c8df19347c661cac8906fffd410727c6000f978a6c8c44a2803a1786b35c4c1f",
                "sha256:e5ea41ce62312a0f1fa4280fc587bd8b5c6ff7ed0be219752c95f013109d148a"
            ],
            "index": "pypi",
            "version": "==0.3.0"
        }
    },
    "develop": {}
}
